
Microsoft Visual Studio Solution File, Format Version 12.00
# Visual Studio Version 17
VisualStudioVersion = 17.14.36511.14
MinimumVisualStudioVersion = 10.0.40219.1
Project("{FAE04EC0-301F-11D3-BF4B-00C04F79EFBC}") = "Baseapp", "Baseapp.csproj", "{9212F6C8-93E1-4FA7-A1A1-ECE125A9E5BA}"
EndProject
Global
	GlobalSection(SolutionConfigurationPlatforms) = preSolution
		Debug|Any CPU = Debug|Any CPU
		Release|Any CPU = Release|Any CPU
	EndGlobalSection
	GlobalSection(ProjectConfigurationPlatforms) = postSolution
		{9212F6C8-93E1-4FA7-A1A1-ECE125A9E5BA}.Debug|Any CPU.ActiveCfg = Debug|Any CPU
		{9212F6C8-93E1-4FA7-A1A1-ECE125A9E5BA}.Debug|Any CPU.Build.0 = Debug|Any CPU
		{9212F6C8-93E1-4FA7-A1A1-ECE125A9E5BA}.Release|Any CPU.ActiveCfg = Release|Any CPU
		{9212F6C8-93E1-4FA7-A1A1-ECE125A9E5BA}.Release|Any CPU.Build.0 = Release|Any CPU
	EndGlobalSection
	GlobalSection(SolutionProperties) = preSolution
		HideSolutionNode = FALSE
	EndGlobalSection
	GlobalSection(ExtensibilityGlobals) = postSolution
		SolutionGuid = {9FB06EE4-00ED-4CD0-B328-64C6D6016EF1}
	EndGlobalSection
EndGlobal
